{
  "nodes": {
    "nixpkgs": {
      "locked": {
        "lastModified": 1735488052,
        "narHash": "sha256-EYaJtjLImMXzYEf9h52hkuPolXqKG/cAJlCOba6emL0=",
        "owner": "nixos",
        "repo": "nixpkgs",
        "rev": "adaa9f280329b5f814e8dc83eceddd42b20f72f4",
        "type": "github"
      },
      "original": {
        "owner": "nixos",
        "ref": "nixos-unstable-small",
        "repo": "nixpkgs",
        "type": "github"
      }
    },
    "root": {
      "inputs": {
        "nixpkgs": "nixpkgs"
      }
    }
  },
  "root": "root",
  "version": 7
}
